
Microsoft Visual Studio Solution File, Format Version 10.00
# Visual Studio 2008
Project("{8BC9CEB8-8B4A-11D0-8D11-00A0C91BC942}") = "Bootstrapper", "Bootstrapper\Bootstrapper.vcproj", "{C94DE431-40B7-4BBB-9759-E58A58BEAE17}"
EndProject
Project("{8BC9CEB8-8B4A-11D0-8D11-00A0C91BC942}") = "RobloxProxy", "RobloxProxy\RobloxProxy.vcproj", "{CEA3474C-2E61-497B-AAF5-6AF75880C657}"
EndProject
Project("{8BC9CEB8-8B4A-11D0-8D11-00A0C91BC942}") = "BootstrapperClient", "BootstrapperClient\BootstrapperClient.vcproj", "{FD5E0FFA-8A37-4523-AB57-D3363C5A9C2A}"
	ProjectSection(ProjectDependencies) = postProject
		{C94DE431-40B7-4BBB-9759-E58A58BEAE17} = {C94DE431-40B7-4BBB-9759-E58A58BEAE17}
	EndProjectSection
EndProject
Project("{8BC9CEB8-8B4A-11D0-8D11-00A0C91BC942}") = "BootstrapperRccService", "BootstrapperRccService\BootstrapperRccService.vcproj", "{65D6AF46-04B0-4C38-9FA9-8566F8D0D8AC}"
	ProjectSection(ProjectDependencies) = postProject
		{C94DE431-40B7-4BBB-9759-E58A58BEAE17} = {C94DE431-40B7-4BBB-9759-E58A58BEAE17}
	EndProjectSection
EndProject
Project("{8BC9CEB8-8B4A-11D0-8D11-00A0C91BC942}") = "NPRobloxProxy", "nproblox\nproblox.vcproj", "{2A26E3AB-1664-4474-87A6-2EFF2C85913A}"
EndProject
Project("{8BC9CEB8-8B4A-11D0-8D11-00A0C91BC942}") = "BootstrapperClient.PrepForUpload", "BootstrapperClient.PrepForUpload\BootstrapperClient.PrepForUpload.vcproj", "{6635FC6B-FC50-4009-ACA3-EFD8AF03607B}"
	ProjectSection(ProjectDependencies) = postProject
		{2D9BFF1D-BDEF-4DD9-82A3-85C1D96DDD37} = {2D9BFF1D-BDEF-4DD9-82A3-85C1D96DDD37}
		{D3150ABF-850A-45C8-9D1C-C7B36E958576} = {D3150ABF-850A-45C8-9D1C-C7B36E958576}
		{FD5E0FFA-8A37-4523-AB57-D3363C5A9C2A} = {FD5E0FFA-8A37-4523-AB57-D3363C5A9C2A}
	EndProjectSection
EndProject
Project("{8BC9CEB8-8B4A-11D0-8D11-00A0C91BC942}") = "BootstrapperRccService.PrepForUpload", "BootstrapperRccService.PrepForUpload\BootstrapperRccService.PrepForUpload.vcproj", "{2D9BFF1D-BDEF-4DD9-82A3-85C1D96DDD37}"
	ProjectSection(ProjectDependencies) = postProject
		{65D6AF46-04B0-4C38-9FA9-8566F8D0D8AC} = {65D6AF46-04B0-4C38-9FA9-8566F8D0D8AC}
	EndProjectSection
EndProject
Project("{8BC9CEB8-8B4A-11D0-8D11-00A0C91BC942}") = "RobloxProxy.PrepForUpload", "RobloxProxy.PrepForUpload\RobloxProxy.PrepForUpload.vcproj", "{62F169A2-3326-4E3C-97C2-B56B43BB6828}"
	ProjectSection(ProjectDependencies) = postProject
		{CEA3474C-2E61-497B-AAF5-6AF75880C657} = {CEA3474C-2E61-497B-AAF5-6AF75880C657}
	EndProjectSection
EndProject
Project("{8BC9CEB8-8B4A-11D0-8D11-00A0C91BC942}") = "NPRobloxProxy.PrepForUpload", "NPRobloxProxy.PrepForUpload\NPRobloxProxy.PrepForUpload.vcproj", "{843CF3F6-14EA-4D45-A660-DCC8348CD4B3}"
	ProjectSection(ProjectDependencies) = postProject
		{2A26E3AB-1664-4474-87A6-2EFF2C85913A} = {2A26E3AB-1664-4474-87A6-2EFF2C85913A}
	EndProjectSection
EndProject
Project("{8BC9CEB8-8B4A-11D0-8D11-00A0C91BC942}") = "PrepAllForUpload", "PrepAllForUpload\PrepAllForUpload.vcproj", "{0250719F-B0EB-412B-9AE4-FEC34CFC1DFD}"
	ProjectSection(ProjectDependencies) = postProject
		{2D9BFF1D-BDEF-4DD9-82A3-85C1D96DDD37} = {2D9BFF1D-BDEF-4DD9-82A3-85C1D96DDD37}
		{6635FC6B-FC50-4009-ACA3-EFD8AF03607B} = {6635FC6B-FC50-4009-ACA3-EFD8AF03607B}
		{62F169A2-3326-4E3C-97C2-B56B43BB6828} = {62F169A2-3326-4E3C-97C2-B56B43BB6828}
		{D3150ABF-850A-45C8-9D1C-C7B36E958576} = {D3150ABF-850A-45C8-9D1C-C7B36E958576}
		{843CF3F6-14EA-4D45-A660-DCC8348CD4B3} = {843CF3F6-14EA-4D45-A660-DCC8348CD4B3}
	EndProjectSection
EndProject
Project("{8BC9CEB8-8B4A-11D0-8D11-00A0C91BC942}") = "BootstrapperQTStudio", "BootstrapperQTStudio\BootstrapperQTStudio.vcproj", "{63953579-396E-44FD-A8CB-EE147F9DBACF}"
	ProjectSection(ProjectDependencies) = postProject
		{C94DE431-40B7-4BBB-9759-E58A58BEAE17} = {C94DE431-40B7-4BBB-9759-E58A58BEAE17}
	EndProjectSection
EndProject
Project("{8BC9CEB8-8B4A-11D0-8D11-00A0C91BC942}") = "BootstrapperQTStudio.PrepForUpload", "BootstrapperQTStudio.PrepForUpload\BootstrapperQTStudio.PrepForUpload.vcproj", "{D3150ABF-850A-45C8-9D1C-C7B36E958576}"
	ProjectSection(ProjectDependencies) = postProject
		{63953579-396E-44FD-A8CB-EE147F9DBACF} = {63953579-396E-44FD-A8CB-EE147F9DBACF}
	EndProjectSection
EndProject
Global
	GlobalSection(SourceCodeControl) = preSolution
		SccNumberOfProjects = 13
		SccLocalPath0 = .
		SccProjectUniqueName1 = Bootstrapper\\Bootstrapper.vcproj
		SccLocalPath1 = .
		SccProjectFilePathRelativizedFromConnection1 = Bootstrapper\\
		SccProjectUniqueName2 = RobloxProxy\\RobloxProxy.vcproj
		SccLocalPath2 = .
		SccProjectFilePathRelativizedFromConnection2 = RobloxProxy\\
		SccProjectUniqueName3 = BootstrapperClient\\BootstrapperClient.vcproj
		SccLocalPath3 = .
		SccProjectFilePathRelativizedFromConnection3 = BootstrapperClient\\
		SccProjectUniqueName4 = BootstrapperRccService\\BootstrapperRccService.vcproj
		SccLocalPath4 = .
		SccProjectFilePathRelativizedFromConnection4 = BootstrapperRccService\\
		SccProjectUniqueName5 = nproblox\\nproblox.vcproj
		SccLocalPath5 = nproblox
		SccProjectUniqueName6 = BootstrapperRccService.PrepForUpload\\BootstrapperRccService.PrepForUpload.vcproj
		SccLocalPath6 = .
		SccProjectFilePathRelativizedFromConnection6 = BootstrapperRccService.PrepForUpload\\
		SccProjectUniqueName7 = RobloxProxy.PrepForUpload\\RobloxProxy.PrepForUpload.vcproj
		SccLocalPath7 = .
		SccProjectFilePathRelativizedFromConnection7 = RobloxProxy.PrepForUpload\\
		SccProjectUniqueName8 = NPRobloxProxy.PrepForUpload\\NPRobloxProxy.PrepForUpload.vcproj
		SccLocalPath8 = .
		SccProjectFilePathRelativizedFromConnection8 = NPRobloxProxy.PrepForUpload\\
		SccProjectUniqueName9 = PrepAllForUpload\\PrepAllForUpload.vcproj
		SccLocalPath9 = .
		SccProjectFilePathRelativizedFromConnection9 = PrepAllForUpload\\
		SccProjectUniqueName10 = BootstrapperQTStudio\\BootstrapperQTStudio.vcproj
		SccLocalPath10 = .
		SccProjectFilePathRelativizedFromConnection10 = BootstrapperQTStudio\\
		SccProjectUniqueName11 = BootstrapperClient.PrepForUpload\\BootstrapperClient.PrepForUpload.vcproj
		SccLocalPath11 = .
		SccProjectFilePathRelativizedFromConnection11 = BootstrapperClient.PrepForUpload\\
		SccProjectUniqueName12 = BootstrapperQTStudio.PrepForUpload\\BootstrapperQTStudio.PrepForUpload.vcproj
		SccLocalPath12 = BootstrapperQTStudio.PrepForUpload
	EndGlobalSection
	GlobalSection(SolutionConfigurationPlatforms) = preSolution
		Debug|.NET = Debug|.NET
		Debug|Any CPU = Debug|Any CPU
		Debug|Mixed Platforms = Debug|Mixed Platforms
		Debug|Win32 = Debug|Win32
		Debug|x64 = Debug|x64
		Debug|x86 = Debug|x86
		NoOpt|.NET = NoOpt|.NET
		NoOpt|Any CPU = NoOpt|Any CPU
		NoOpt|Mixed Platforms = NoOpt|Mixed Platforms
		NoOpt|Win32 = NoOpt|Win32
		NoOpt|x64 = NoOpt|x64
		NoOpt|x86 = NoOpt|x86
		Release|.NET = Release|.NET
		Release|Any CPU = Release|Any CPU
		Release|Mixed Platforms = Release|Mixed Platforms
		Release|Win32 = Release|Win32
		Release|x64 = Release|x64
		Release|x86 = Release|x86
	EndGlobalSection
	GlobalSection(ProjectConfigurationPlatforms) = postSolution
		{C94DE431-40B7-4BBB-9759-E58A58BEAE17}.Debug|.NET.ActiveCfg = Debug|x64
		{C94DE431-40B7-4BBB-9759-E58A58BEAE17}.Debug|Any CPU.ActiveCfg = Debug|Win32
		{C94DE431-40B7-4BBB-9759-E58A58BEAE17}.Debug|Any CPU.Build.0 = Debug|Win32
		{C94DE431-40B7-4BBB-9759-E58A58BEAE17}.Debug|Mixed Platforms.ActiveCfg = Debug|Win32
		{C94DE431-40B7-4BBB-9759-E58A58BEAE17}.Debug|Mixed Platforms.Build.0 = Debug|Win32
		{C94DE431-40B7-4BBB-9759-E58A58BEAE17}.Debug|Win32.ActiveCfg = Debug|Win32
		{C94DE431-40B7-4BBB-9759-E58A58BEAE17}.Debug|Win32.Build.0 = Debug|Win32
		{C94DE431-40B7-4BBB-9759-E58A58BEAE17}.Debug|x64.ActiveCfg = Debug|x64
		{C94DE431-40B7-4BBB-9759-E58A58BEAE17}.Debug|x64.Build.0 = Debug|x64
		{C94DE431-40B7-4BBB-9759-E58A58BEAE17}.Debug|x86.ActiveCfg = Debug|Win32
		{C94DE431-40B7-4BBB-9759-E58A58BEAE17}.Debug|x86.Build.0 = Debug|Win32
		{C94DE431-40B7-4BBB-9759-E58A58BEAE17}.NoOpt|.NET.ActiveCfg = Release|Win32
		{C94DE431-40B7-4BBB-9759-E58A58BEAE17}.NoOpt|.NET.Build.0 = Release|Win32
		{C94DE431-40B7-4BBB-9759-E58A58BEAE17}.NoOpt|Any CPU.ActiveCfg = Release|Win32
		{C94DE431-40B7-4BBB-9759-E58A58BEAE17}.NoOpt|Any CPU.Build.0 = Release|Win32
		{C94DE431-40B7-4BBB-9759-E58A58BEAE17}.NoOpt|Mixed Platforms.ActiveCfg = Release|Win32
		{C94DE431-40B7-4BBB-9759-E58A58BEAE17}.NoOpt|Mixed Platforms.Build.0 = Release|Win32
		{C94DE431-40B7-4BBB-9759-E58A58BEAE17}.NoOpt|Win32.ActiveCfg = Release|Win32
		{C94DE431-40B7-4BBB-9759-E58A58BEAE17}.NoOpt|Win32.Build.0 = Release|Win32
		{C94DE431-40B7-4BBB-9759-E58A58BEAE17}.NoOpt|x64.ActiveCfg = Release|x64
		{C94DE431-40B7-4BBB-9759-E58A58BEAE17}.NoOpt|x64.Build.0 = Release|x64
		{C94DE431-40B7-4BBB-9759-E58A58BEAE17}.NoOpt|x86.ActiveCfg = Release|Win32
		{C94DE431-40B7-4BBB-9759-E58A58BEAE17}.NoOpt|x86.Build.0 = Release|Win32
		{C94DE431-40B7-4BBB-9759-E58A58BEAE17}.Release|.NET.ActiveCfg = Release|x64
		{C94DE431-40B7-4BBB-9759-E58A58BEAE17}.Release|Any CPU.ActiveCfg = Release|Win32
		{C94DE431-40B7-4BBB-9759-E58A58BEAE17}.Release|Any CPU.Build.0 = Release|Win32
		{C94DE431-40B7-4BBB-9759-E58A58BEAE17}.Release|Mixed Platforms.ActiveCfg = Release|Win32
		{C94DE431-40B7-4BBB-9759-E58A58BEAE17}.Release|Mixed Platforms.Build.0 = Release|Win32
		{C94DE431-40B7-4BBB-9759-E58A58BEAE17}.Release|Win32.ActiveCfg = Release|Win32
		{C94DE431-40B7-4BBB-9759-E58A58BEAE17}.Release|Win32.Build.0 = Release|Win32
		{C94DE431-40B7-4BBB-9759-E58A58BEAE17}.Release|x64.ActiveCfg = Release|x64
		{C94DE431-40B7-4BBB-9759-E58A58BEAE17}.Release|x64.Build.0 = Release|x64
		{C94DE431-40B7-4BBB-9759-E58A58BEAE17}.Release|x86.ActiveCfg = Release|Win32
		{C94DE431-40B7-4BBB-9759-E58A58BEAE17}.Release|x86.Build.0 = Release|Win32
		{CEA3474C-2E61-497B-AAF5-6AF75880C657}.Debug|.NET.ActiveCfg = Debug|Win32
		{CEA3474C-2E61-497B-AAF5-6AF75880C657}.Debug|Any CPU.ActiveCfg = Debug|Win32
		{CEA3474C-2E61-497B-AAF5-6AF75880C657}.Debug|Any CPU.Build.0 = Debug|Win32
		{CEA3474C-2E61-497B-AAF5-6AF75880C657}.Debug|Mixed Platforms.ActiveCfg = Debug|Win32
		{CEA3474C-2E61-497B-AAF5-6AF75880C657}.Debug|Mixed Platforms.Build.0 = Debug|Win32
		{CEA3474C-2E61-497B-AAF5-6AF75880C657}.Debug|Win32.ActiveCfg = Debug|Win32
		{CEA3474C-2E61-497B-AAF5-6AF75880C657}.Debug|Win32.Build.0 = Debug|Win32
		{CEA3474C-2E61-497B-AAF5-6AF75880C657}.Debug|x64.ActiveCfg = Debug|x64
		{CEA3474C-2E61-497B-AAF5-6AF75880C657}.Debug|x64.Build.0 = Debug|x64
		{CEA3474C-2E61-497B-AAF5-6AF75880C657}.Debug|x86.ActiveCfg = Debug|Win32
		{CEA3474C-2E61-497B-AAF5-6AF75880C657}.Debug|x86.Build.0 = Debug|Win32
		{CEA3474C-2E61-497B-AAF5-6AF75880C657}.NoOpt|.NET.ActiveCfg = Release|Win32
		{CEA3474C-2E61-497B-AAF5-6AF75880C657}.NoOpt|.NET.Build.0 = Release|Win32
		{CEA3474C-2E61-497B-AAF5-6AF75880C657}.NoOpt|Any CPU.ActiveCfg = Release|Win32
		{CEA3474C-2E61-497B-AAF5-6AF75880C657}.NoOpt|Any CPU.Build.0 = Release|Win32
		{CEA3474C-2E61-497B-AAF5-6AF75880C657}.NoOpt|Mixed Platforms.ActiveCfg = Release|Win32
		{CEA3474C-2E61-497B-AAF5-6AF75880C657}.NoOpt|Mixed Platforms.Build.0 = Release|Win32
		{CEA3474C-2E61-497B-AAF5-6AF75880C657}.NoOpt|Win32.ActiveCfg = Release|Win32
		{CEA3474C-2E61-497B-AAF5-6AF75880C657}.NoOpt|Win32.Build.0 = Release|Win32
		{CEA3474C-2E61-497B-AAF5-6AF75880C657}.NoOpt|x64.ActiveCfg = Release|x64
		{CEA3474C-2E61-497B-AAF5-6AF75880C657}.NoOpt|x64.Build.0 = Release|x64
		{CEA3474C-2E61-497B-AAF5-6AF75880C657}.NoOpt|x86.ActiveCfg = Release|Win32
		{CEA3474C-2E61-497B-AAF5-6AF75880C657}.NoOpt|x86.Build.0 = Release|Win32
		{CEA3474C-2E61-497B-AAF5-6AF75880C657}.Release|.NET.ActiveCfg = Release|Win32
		{CEA3474C-2E61-497B-AAF5-6AF75880C657}.Release|Any CPU.ActiveCfg = Release|Win32
		{CEA3474C-2E61-497B-AAF5-6AF75880C657}.Release|Any CPU.Build.0 = Release|Win32
		{CEA3474C-2E61-497B-AAF5-6AF75880C657}.Release|Mixed Platforms.ActiveCfg = Release|Win32
		{CEA3474C-2E61-497B-AAF5-6AF75880C657}.Release|Mixed Platforms.Build.0 = Release|Win32
		{CEA3474C-2E61-497B-AAF5-6AF75880C657}.Release|Win32.ActiveCfg = Release|Win32
		{CEA3474C-2E61-497B-AAF5-6AF75880C657}.Release|Win32.Build.0 = Release|Win32
		{CEA3474C-2E61-497B-AAF5-6AF75880C657}.Release|x64.ActiveCfg = Release|x64
		{CEA3474C-2E61-497B-AAF5-6AF75880C657}.Release|x64.Build.0 = Release|x64
		{CEA3474C-2E61-497B-AAF5-6AF75880C657}.Release|x86.ActiveCfg = Release|Win32
		{CEA3474C-2E61-497B-AAF5-6AF75880C657}.Release|x86.Build.0 = Release|Win32
		{FD5E0FFA-8A37-4523-AB57-D3363C5A9C2A}.Debug|.NET.ActiveCfg = Debug|x64
		{FD5E0FFA-8A37-4523-AB57-D3363C5A9C2A}.Debug|Any CPU.ActiveCfg = Debug|Win32
		{FD5E0FFA-8A37-4523-AB57-D3363C5A9C2A}.Debug|Any CPU.Build.0 = Debug|Win32
		{FD5E0FFA-8A37-4523-AB57-D3363C5A9C2A}.Debug|Mixed Platforms.ActiveCfg = Debug|Win32
		{FD5E0FFA-8A37-4523-AB57-D3363C5A9C2A}.Debug|Mixed Platforms.Build.0 = Debug|Win32
		{FD5E0FFA-8A37-4523-AB57-D3363C5A9C2A}.Debug|Win32.ActiveCfg = Debug|Win32
		{FD5E0FFA-8A37-4523-AB57-D3363C5A9C2A}.Debug|Win32.Build.0 = Debug|Win32
		{FD5E0FFA-8A37-4523-AB57-D3363C5A9C2A}.Debug|x64.ActiveCfg = Debug|x64
		{FD5E0FFA-8A37-4523-AB57-D3363C5A9C2A}.Debug|x64.Build.0 = Debug|x64
		{FD5E0FFA-8A37-4523-AB57-D3363C5A9C2A}.Debug|x86.ActiveCfg = Debug|Win32
		{FD5E0FFA-8A37-4523-AB57-D3363C5A9C2A}.Debug|x86.Build.0 = Debug|Win32
		{FD5E0FFA-8A37-4523-AB57-D3363C5A9C2A}.NoOpt|.NET.ActiveCfg = Release|Win32
		{FD5E0FFA-8A37-4523-AB57-D3363C5A9C2A}.NoOpt|.NET.Build.0 = Release|Win32
		{FD5E0FFA-8A37-4523-AB57-D3363C5A9C2A}.NoOpt|Any CPU.ActiveCfg = Release|Win32
		{FD5E0FFA-8A37-4523-AB57-D3363C5A9C2A}.NoOpt|Any CPU.Build.0 = Release|Win32
		{FD5E0FFA-8A37-4523-AB57-D3363C5A9C2A}.NoOpt|Mixed Platforms.ActiveCfg = Release|Win32
		{FD5E0FFA-8A37-4523-AB57-D3363C5A9C2A}.NoOpt|Mixed Platforms.Build.0 = Release|Win32
		{FD5E0FFA-8A37-4523-AB57-D3363C5A9C2A}.NoOpt|Win32.ActiveCfg = Release|Win32
		{FD5E0FFA-8A37-4523-AB57-D3363C5A9C2A}.NoOpt|Win32.Build.0 = Release|Win32
		{FD5E0FFA-8A37-4523-AB57-D3363C5A9C2A}.NoOpt|x64.ActiveCfg = Release|x64
		{FD5E0FFA-8A37-4523-AB57-D3363C5A9C2A}.NoOpt|x64.Build.0 = Release|x64
		{FD5E0FFA-8A37-4523-AB57-D3363C5A9C2A}.NoOpt|x86.ActiveCfg = Release|Win32
		{FD5E0FFA-8A37-4523-AB57-D3363C5A9C2A}.NoOpt|x86.Build.0 = Release|Win32
		{FD5E0FFA-8A37-4523-AB57-D3363C5A9C2A}.Release|.NET.ActiveCfg = Release|x64
		{FD5E0FFA-8A37-4523-AB57-D3363C5A9C2A}.Release|Any CPU.ActiveCfg = Release|Win32
		{FD5E0FFA-8A37-4523-AB57-D3363C5A9C2A}.Release|Any CPU.Build.0 = Release|Win32
		{FD5E0FFA-8A37-4523-AB57-D3363C5A9C2A}.Release|Mixed Platforms.ActiveCfg = Release|Win32
		{FD5E0FFA-8A37-4523-AB57-D3363C5A9C2A}.Release|Mixed Platforms.Build.0 = Release|Win32
		{FD5E0FFA-8A37-4523-AB57-D3363C5A9C2A}.Release|Win32.ActiveCfg = Release|Win32
		{FD5E0FFA-8A37-4523-AB57-D3363C5A9C2A}.Release|Win32.Build.0 = Release|Win32
		{FD5E0FFA-8A37-4523-AB57-D3363C5A9C2A}.Release|x64.ActiveCfg = Release|x64
		{FD5E0FFA-8A37-4523-AB57-D3363C5A9C2A}.Release|x64.Build.0 = Release|x64
		{FD5E0FFA-8A37-4523-AB57-D3363C5A9C2A}.Release|x86.ActiveCfg = Release|Win32
		{FD5E0FFA-8A37-4523-AB57-D3363C5A9C2A}.Release|x86.Build.0 = Release|Win32
		{65D6AF46-04B0-4C38-9FA9-8566F8D0D8AC}.Debug|.NET.ActiveCfg = Debug|x64
		{65D6AF46-04B0-4C38-9FA9-8566F8D0D8AC}.Debug|Any CPU.ActiveCfg = Debug|Win32
		{65D6AF46-04B0-4C38-9FA9-8566F8D0D8AC}.Debug|Any CPU.Build.0 = Debug|Win32
		{65D6AF46-04B0-4C38-9FA9-8566F8D0D8AC}.Debug|Mixed Platforms.ActiveCfg = Debug|Win32
		{65D6AF46-04B0-4C38-9FA9-8566F8D0D8AC}.Debug|Mixed Platforms.Build.0 = Debug|Win32
		{65D6AF46-04B0-4C38-9FA9-8566F8D0D8AC}.Debug|Win32.ActiveCfg = Debug|Win32
		{65D6AF46-04B0-4C38-9FA9-8566F8D0D8AC}.Debug|Win32.Build.0 = Debug|Win32
		{65D6AF46-04B0-4C38-9FA9-8566F8D0D8AC}.Debug|x64.ActiveCfg = Debug|x64
		{65D6AF46-04B0-4C38-9FA9-8566F8D0D8AC}.Debug|x64.Build.0 = Debug|x64
		{65D6AF46-04B0-4C38-9FA9-8566F8D0D8AC}.Debug|x86.ActiveCfg = Debug|Win32
		{65D6AF46-04B0-4C38-9FA9-8566F8D0D8AC}.Debug|x86.Build.0 = Debug|Win32
		{65D6AF46-04B0-4C38-9FA9-8566F8D0D8AC}.NoOpt|.NET.ActiveCfg = Release|Win32
		{65D6AF46-04B0-4C38-9FA9-8566F8D0D8AC}.NoOpt|.NET.Build.0 = Release|Win32
		{65D6AF46-04B0-4C38-9FA9-8566F8D0D8AC}.NoOpt|Any CPU.ActiveCfg = Release|Win32
		{65D6AF46-04B0-4C38-9FA9-8566F8D0D8AC}.NoOpt|Any CPU.Build.0 = Release|Win32
		{65D6AF46-04B0-4C38-9FA9-8566F8D0D8AC}.NoOpt|Mixed Platforms.ActiveCfg = Release|Win32
		{65D6AF46-04B0-4C38-9FA9-8566F8D0D8AC}.NoOpt|Mixed Platforms.Build.0 = Release|Win32
		{65D6AF46-04B0-4C38-9FA9-8566F8D0D8AC}.NoOpt|Win32.ActiveCfg = Release|Win32
		{65D6AF46-04B0-4C38-9FA9-8566F8D0D8AC}.NoOpt|Win32.Build.0 = Release|Win32
		{65D6AF46-04B0-4C38-9FA9-8566F8D0D8AC}.NoOpt|x64.ActiveCfg = Release|x64
		{65D6AF46-04B0-4C38-9FA9-8566F8D0D8AC}.NoOpt|x64.Build.0 = Release|x64
		{65D6AF46-04B0-4C38-9FA9-8566F8D0D8AC}.NoOpt|x86.ActiveCfg = Release|Win32
		{65D6AF46-04B0-4C38-9FA9-8566F8D0D8AC}.NoOpt|x86.Build.0 = Release|Win32
		{65D6AF46-04B0-4C38-9FA9-8566F8D0D8AC}.Release|.NET.ActiveCfg = Release|x64
		{65D6AF46-04B0-4C38-9FA9-8566F8D0D8AC}.Release|Any CPU.ActiveCfg = Release|Win32
		{65D6AF46-04B0-4C38-9FA9-8566F8D0D8AC}.Release|Any CPU.Build.0 = Release|Win32
		{65D6AF46-04B0-4C38-9FA9-8566F8D0D8AC}.Release|Mixed Platforms.ActiveCfg = Release|Win32
		{65D6AF46-04B0-4C38-9FA9-8566F8D0D8AC}.Release|Mixed Platforms.Build.0 = Release|Win32
		{65D6AF46-04B0-4C38-9FA9-8566F8D0D8AC}.Release|Win32.ActiveCfg = Release|Win32
		{65D6AF46-04B0-4C38-9FA9-8566F8D0D8AC}.Release|Win32.Build.0 = Release|Win32
		{65D6AF46-04B0-4C38-9FA9-8566F8D0D8AC}.Release|x64.ActiveCfg = Release|x64
		{65D6AF46-04B0-4C38-9FA9-8566F8D0D8AC}.Release|x64.Build.0 = Release|x64
		{65D6AF46-04B0-4C38-9FA9-8566F8D0D8AC}.Release|x86.ActiveCfg = Release|Win32
		{65D6AF46-04B0-4C38-9FA9-8566F8D0D8AC}.Release|x86.Build.0 = Release|Win32
		{2A26E3AB-1664-4474-87A6-2EFF2C85913A}.Debug|.NET.ActiveCfg = Debug|Win32
		{2A26E3AB-1664-4474-87A6-2EFF2C85913A}.Debug|Any CPU.ActiveCfg = Debug|Win32
		{2A26E3AB-1664-4474-87A6-2EFF2C85913A}.Debug|Any CPU.Build.0 = Debug|Win32
		{2A26E3AB-1664-4474-87A6-2EFF2C85913A}.Debug|Mixed Platforms.ActiveCfg = Debug|Win32
		{2A26E3AB-1664-4474-87A6-2EFF2C85913A}.Debug|Mixed Platforms.Build.0 = Debug|Win32
		{2A26E3AB-1664-4474-87A6-2EFF2C85913A}.Debug|Win32.ActiveCfg = Debug|Win32
		{2A26E3AB-1664-4474-87A6-2EFF2C85913A}.Debug|Win32.Build.0 = Debug|Win32
		{2A26E3AB-1664-4474-87A6-2EFF2C85913A}.Debug|x64.ActiveCfg = Debug|x64
		{2A26E3AB-1664-4474-87A6-2EFF2C85913A}.Debug|x64.Build.0 = Debug|x64
		{2A26E3AB-1664-4474-87A6-2EFF2C85913A}.Debug|x86.ActiveCfg = Debug|Win32
		{2A26E3AB-1664-4474-87A6-2EFF2C85913A}.Debug|x86.Build.0 = Debug|Win32
		{2A26E3AB-1664-4474-87A6-2EFF2C85913A}.NoOpt|.NET.ActiveCfg = Release|Win32
		{2A26E3AB-1664-4474-87A6-2EFF2C85913A}.NoOpt|.NET.Build.0 = Release|Win32
		{2A26E3AB-1664-4474-87A6-2EFF2C85913A}.NoOpt|Any CPU.ActiveCfg = Release|Win32
		{2A26E3AB-1664-4474-87A6-2EFF2C85913A}.NoOpt|Any CPU.Build.0 = Release|Win32
		{2A26E3AB-1664-4474-87A6-2EFF2C85913A}.NoOpt|Mixed Platforms.ActiveCfg = Release|Win32
		{2A26E3AB-1664-4474-87A6-2EFF2C85913A}.NoOpt|Mixed Platforms.Build.0 = Release|Win32
		{2A26E3AB-1664-4474-87A6-2EFF2C85913A}.NoOpt|Win32.ActiveCfg = Release|Win32
		{2A26E3AB-1664-4474-87A6-2EFF2C85913A}.NoOpt|Win32.Build.0 = Release|Win32
		{2A26E3AB-1664-4474-87A6-2EFF2C85913A}.NoOpt|x64.ActiveCfg = Release|x64
		{2A26E3AB-1664-4474-87A6-2EFF2C85913A}.NoOpt|x64.Build.0 = Release|x64
		{2A26E3AB-1664-4474-87A6-2EFF2C85913A}.NoOpt|x86.ActiveCfg = Release|Win32
		{2A26E3AB-1664-4474-87A6-2EFF2C85913A}.NoOpt|x86.Build.0 = Release|Win32
		{2A26E3AB-1664-4474-87A6-2EFF2C85913A}.Release|.NET.ActiveCfg = Release|Win32
		{2A26E3AB-1664-4474-87A6-2EFF2C85913A}.Release|Any CPU.ActiveCfg = Release|Win32
		{2A26E3AB-1664-4474-87A6-2EFF2C85913A}.Release|Any CPU.Build.0 = Release|Win32
		{2A26E3AB-1664-4474-87A6-2EFF2C85913A}.Release|Mixed Platforms.ActiveCfg = Release|Win32
		{2A26E3AB-1664-4474-87A6-2EFF2C85913A}.Release|Mixed Platforms.Build.0 = Release|Win32
		{2A26E3AB-1664-4474-87A6-2EFF2C85913A}.Release|Win32.ActiveCfg = Release|Win32
		{2A26E3AB-1664-4474-87A6-2EFF2C85913A}.Release|Win32.Build.0 = Release|Win32
		{2A26E3AB-1664-4474-87A6-2EFF2C85913A}.Release|x64.ActiveCfg = Release|x64
		{2A26E3AB-1664-4474-87A6-2EFF2C85913A}.Release|x64.Build.0 = Release|x64
		{2A26E3AB-1664-4474-87A6-2EFF2C85913A}.Release|x86.ActiveCfg = Release|Win32
		{2A26E3AB-1664-4474-87A6-2EFF2C85913A}.Release|x86.Build.0 = Release|Win32
		{6635FC6B-FC50-4009-ACA3-EFD8AF03607B}.Debug|.NET.ActiveCfg = Release|Win32
		{6635FC6B-FC50-4009-ACA3-EFD8AF03607B}.Debug|.NET.Build.0 = Release|Win32
		{6635FC6B-FC50-4009-ACA3-EFD8AF03607B}.Debug|Any CPU.ActiveCfg = Debug|Win32
		{6635FC6B-FC50-4009-ACA3-EFD8AF03607B}.Debug|Any CPU.Build.0 = Debug|Win32
		{6635FC6B-FC50-4009-ACA3-EFD8AF03607B}.Debug|Mixed Platforms.ActiveCfg = Debug|Win32
		{6635FC6B-FC50-4009-ACA3-EFD8AF03607B}.Debug|Mixed Platforms.Build.0 = Debug|Win32
		{6635FC6B-FC50-4009-ACA3-EFD8AF03607B}.Debug|Win32.ActiveCfg = Debug|Win32
		{6635FC6B-FC50-4009-ACA3-EFD8AF03607B}.Debug|Win32.Build.0 = Debug|Win32
		{6635FC6B-FC50-4009-ACA3-EFD8AF03607B}.Debug|x64.ActiveCfg = Debug|x64
		{6635FC6B-FC50-4009-ACA3-EFD8AF03607B}.Debug|x64.Build.0 = Debug|x64
		{6635FC6B-FC50-4009-ACA3-EFD8AF03607B}.Debug|x86.ActiveCfg = Debug|Win32
		{6635FC6B-FC50-4009-ACA3-EFD8AF03607B}.Debug|x86.Build.0 = Debug|Win32
		{6635FC6B-FC50-4009-ACA3-EFD8AF03607B}.NoOpt|.NET.ActiveCfg = NoOpt|Win32
		{6635FC6B-FC50-4009-ACA3-EFD8AF03607B}.NoOpt|.NET.Build.0 = NoOpt|Win32
		{6635FC6B-FC50-4009-ACA3-EFD8AF03607B}.NoOpt|Any CPU.ActiveCfg = NoOpt|Win32
		{6635FC6B-FC50-4009-ACA3-EFD8AF03607B}.NoOpt|Any CPU.Build.0 = NoOpt|Win32
		{6635FC6B-FC50-4009-ACA3-EFD8AF03607B}.NoOpt|Mixed Platforms.ActiveCfg = NoOpt|Win32
		{6635FC6B-FC50-4009-ACA3-EFD8AF03607B}.NoOpt|Mixed Platforms.Build.0 = NoOpt|Win32
		{6635FC6B-FC50-4009-ACA3-EFD8AF03607B}.NoOpt|Win32.ActiveCfg = NoOpt|Win32
		{6635FC6B-FC50-4009-ACA3-EFD8AF03607B}.NoOpt|Win32.Build.0 = NoOpt|Win32
		{6635FC6B-FC50-4009-ACA3-EFD8AF03607B}.NoOpt|x64.ActiveCfg = NoOpt|x64
		{6635FC6B-FC50-4009-ACA3-EFD8AF03607B}.NoOpt|x64.Build.0 = NoOpt|x64
		{6635FC6B-FC50-4009-ACA3-EFD8AF03607B}.NoOpt|x86.ActiveCfg = NoOpt|Win32
		{6635FC6B-FC50-4009-ACA3-EFD8AF03607B}.NoOpt|x86.Build.0 = NoOpt|Win32
		{6635FC6B-FC50-4009-ACA3-EFD8AF03607B}.Release|.NET.ActiveCfg = Release|Win32
		{6635FC6B-FC50-4009-ACA3-EFD8AF03607B}.Release|.NET.Build.0 = Release|Win32
		{6635FC6B-FC50-4009-ACA3-EFD8AF03607B}.Release|Any CPU.ActiveCfg = Release|Win32
		{6635FC6B-FC50-4009-ACA3-EFD8AF03607B}.Release|Any CPU.Build.0 = Release|Win32
		{6635FC6B-FC50-4009-ACA3-EFD8AF03607B}.Release|Mixed Platforms.ActiveCfg = Release|Win32
		{6635FC6B-FC50-4009-ACA3-EFD8AF03607B}.Release|Mixed Platforms.Build.0 = Release|Win32
		{6635FC6B-FC50-4009-ACA3-EFD8AF03607B}.Release|Win32.ActiveCfg = Release|Win32
		{6635FC6B-FC50-4009-ACA3-EFD8AF03607B}.Release|Win32.Build.0 = Release|Win32
		{6635FC6B-FC50-4009-ACA3-EFD8AF03607B}.Release|x64.ActiveCfg = Release|x64
		{6635FC6B-FC50-4009-ACA3-EFD8AF03607B}.Release|x64.Build.0 = Release|x64
		{6635FC6B-FC50-4009-ACA3-EFD8AF03607B}.Release|x86.ActiveCfg = Release|Win32
		{6635FC6B-FC50-4009-ACA3-EFD8AF03607B}.Release|x86.Build.0 = Release|Win32
		{2D9BFF1D-BDEF-4DD9-82A3-85C1D96DDD37}.Debug|.NET.ActiveCfg = Release|Win32
		{2D9BFF1D-BDEF-4DD9-82A3-85C1D96DDD37}.Debug|.NET.Build.0 = Release|Win32
		{2D9BFF1D-BDEF-4DD9-82A3-85C1D96DDD37}.Debug|Any CPU.ActiveCfg = Debug|Win32
		{2D9BFF1D-BDEF-4DD9-82A3-85C1D96DDD37}.Debug|Any CPU.Build.0 = Debug|Win32
		{2D9BFF1D-BDEF-4DD9-82A3-85C1D96DDD37}.Debug|Mixed Platforms.ActiveCfg = Debug|Win32
		{2D9BFF1D-BDEF-4DD9-82A3-85C1D96DDD37}.Debug|Mixed Platforms.Build.0 = Debug|Win32
		{2D9BFF1D-BDEF-4DD9-82A3-85C1D96DDD37}.Debug|Win32.ActiveCfg = Debug|Win32
		{2D9BFF1D-BDEF-4DD9-82A3-85C1D96DDD37}.Debug|Win32.Build.0 = Debug|Win32
		{2D9BFF1D-BDEF-4DD9-82A3-85C1D96DDD37}.Debug|x64.ActiveCfg = Debug|x64
		{2D9BFF1D-BDEF-4DD9-82A3-85C1D96DDD37}.Debug|x64.Build.0 = Debug|x64
		{2D9BFF1D-BDEF-4DD9-82A3-85C1D96DDD37}.Debug|x86.ActiveCfg = Debug|Win32
		{2D9BFF1D-BDEF-4DD9-82A3-85C1D96DDD37}.Debug|x86.Build.0 = Debug|Win32
		{2D9BFF1D-BDEF-4DD9-82A3-85C1D96DDD37}.NoOpt|.NET.ActiveCfg = NoOpt|Win32
		{2D9BFF1D-BDEF-4DD9-82A3-85C1D96DDD37}.NoOpt|.NET.Build.0 = NoOpt|Win32
		{2D9BFF1D-BDEF-4DD9-82A3-85C1D96DDD37}.NoOpt|Any CPU.ActiveCfg = NoOpt|Win32
		{2D9BFF1D-BDEF-4DD9-82A3-85C1D96DDD37}.NoOpt|Any CPU.Build.0 = NoOpt|Win32
		{2D9BFF1D-BDEF-4DD9-82A3-85C1D96DDD37}.NoOpt|Mixed Platforms.ActiveCfg = NoOpt|Win32
		{2D9BFF1D-BDEF-4DD9-82A3-85C1D96DDD37}.NoOpt|Mixed Platforms.Build.0 = NoOpt|Win32
		{2D9BFF1D-BDEF-4DD9-82A3-85C1D96DDD37}.NoOpt|Win32.ActiveCfg = NoOpt|Win32
		{2D9BFF1D-BDEF-4DD9-82A3-85C1D96DDD37}.NoOpt|Win32.Build.0 = NoOpt|Win32
		{2D9BFF1D-BDEF-4DD9-82A3-85C1D96DDD37}.NoOpt|x64.ActiveCfg = NoOpt|x64
		{2D9BFF1D-BDEF-4DD9-82A3-85C1D96DDD37}.NoOpt|x64.Build.0 = NoOpt|x64
		{2D9BFF1D-BDEF-4DD9-82A3-85C1D96DDD37}.NoOpt|x86.ActiveCfg = NoOpt|Win32
		{2D9BFF1D-BDEF-4DD9-82A3-85C1D96DDD37}.NoOpt|x86.Build.0 = NoOpt|Win32
		{2D9BFF1D-BDEF-4DD9-82A3-85C1D96DDD37}.Release|.NET.ActiveCfg = Release|Win32
		{2D9BFF1D-BDEF-4DD9-82A3-85C1D96DDD37}.Release|.NET.Build.0 = Release|Win32
		{2D9BFF1D-BDEF-4DD9-82A3-85C1D96DDD37}.Release|Any CPU.ActiveCfg = Release|Win32
		{2D9BFF1D-BDEF-4DD9-82A3-85C1D96DDD37}.Release|Any CPU.Build.0 = Release|Win32
		{2D9BFF1D-BDEF-4DD9-82A3-85C1D96DDD37}.Release|Mixed Platforms.ActiveCfg = Release|Win32
		{2D9BFF1D-BDEF-4DD9-82A3-85C1D96DDD37}.Release|Mixed Platforms.Build.0 = Release|Win32
		{2D9BFF1D-BDEF-4DD9-82A3-85C1D96DDD37}.Release|Win32.ActiveCfg = Release|Win32
		{2D9BFF1D-BDEF-4DD9-82A3-85C1D96DDD37}.Release|Win32.Build.0 = Release|Win32
		{2D9BFF1D-BDEF-4DD9-82A3-85C1D96DDD37}.Release|x64.ActiveCfg = Release|x64
		{2D9BFF1D-BDEF-4DD9-82A3-85C1D96DDD37}.Release|x64.Build.0 = Release|x64
		{2D9BFF1D-BDEF-4DD9-82A3-85C1D96DDD37}.Release|x86.ActiveCfg = Release|Win32
		{2D9BFF1D-BDEF-4DD9-82A3-85C1D96DDD37}.Release|x86.Build.0 = Release|Win32
		{62F169A2-3326-4E3C-97C2-B56B43BB6828}.Debug|.NET.ActiveCfg = Release|Win32
		{62F169A2-3326-4E3C-97C2-B56B43BB6828}.Debug|.NET.Build.0 = Release|Win32
		{62F169A2-3326-4E3C-97C2-B56B43BB6828}.Debug|Any CPU.ActiveCfg = Debug|Win32
		{62F169A2-3326-4E3C-97C2-B56B43BB6828}.Debug|Any CPU.Build.0 = Debug|Win32
		{62F169A2-3326-4E3C-97C2-B56B43BB6828}.Debug|Mixed Platforms.ActiveCfg = Debug|Win32
		{62F169A2-3326-4E3C-97C2-B56B43BB6828}.Debug|Mixed Platforms.Build.0 = Debug|Win32
		{62F169A2-3326-4E3C-97C2-B56B43BB6828}.Debug|Win32.ActiveCfg = Debug|Win32
		{62F169A2-3326-4E3C-97C2-B56B43BB6828}.Debug|Win32.Build.0 = Debug|Win32
		{62F169A2-3326-4E3C-97C2-B56B43BB6828}.Debug|x64.ActiveCfg = Debug|x64
		{62F169A2-3326-4E3C-97C2-B56B43BB6828}.Debug|x64.Build.0 = Debug|x64
		{62F169A2-3326-4E3C-97C2-B56B43BB6828}.Debug|x86.ActiveCfg = Debug|Win32
		{62F169A2-3326-4E3C-97C2-B56B43BB6828}.Debug|x86.Build.0 = Debug|Win32
		{62F169A2-3326-4E3C-97C2-B56B43BB6828}.NoOpt|.NET.ActiveCfg = NoOpt|Win32
		{62F169A2-3326-4E3C-97C2-B56B43BB6828}.NoOpt|.NET.Build.0 = NoOpt|Win32
		{62F169A2-3326-4E3C-97C2-B56B43BB6828}.NoOpt|Any CPU.ActiveCfg = NoOpt|Win32
		{62F169A2-3326-4E3C-97C2-B56B43BB6828}.NoOpt|Any CPU.Build.0 = NoOpt|Win32
		{62F169A2-3326-4E3C-97C2-B56B43BB6828}.NoOpt|Mixed Platforms.ActiveCfg = NoOpt|Win32
		{62F169A2-3326-4E3C-97C2-B56B43BB6828}.NoOpt|Mixed Platforms.Build.0 = NoOpt|Win32
		{62F169A2-3326-4E3C-97C2-B56B43BB6828}.NoOpt|Win32.ActiveCfg = NoOpt|Win32
		{62F169A2-3326-4E3C-97C2-B56B43BB6828}.NoOpt|Win32.Build.0 = NoOpt|Win32
		{62F169A2-3326-4E3C-97C2-B56B43BB6828}.NoOpt|x64.ActiveCfg = NoOpt|x64
		{62F169A2-3326-4E3C-97C2-B56B43BB6828}.NoOpt|x64.Build.0 = NoOpt|x64
		{62F169A2-3326-4E3C-97C2-B56B43BB6828}.NoOpt|x86.ActiveCfg = NoOpt|Win32
		{62F169A2-3326-4E3C-97C2-B56B43BB6828}.NoOpt|x86.Build.0 = NoOpt|Win32
		{62F169A2-3326-4E3C-97C2-B56B43BB6828}.Release|.NET.ActiveCfg = Release|Win32
		{62F169A2-3326-4E3C-97C2-B56B43BB6828}.Release|.NET.Build.0 = Release|Win32
		{62F169A2-3326-4E3C-97C2-B56B43BB6828}.Release|Any CPU.ActiveCfg = Release|Win32
		{62F169A2-3326-4E3C-97C2-B56B43BB6828}.Release|Any CPU.Build.0 = Release|Win32
		{62F169A2-3326-4E3C-97C2-B56B43BB6828}.Release|Mixed Platforms.ActiveCfg = Release|Win32
		{62F169A2-3326-4E3C-97C2-B56B43BB6828}.Release|Mixed Platforms.Build.0 = Release|Win32
		{62F169A2-3326-4E3C-97C2-B56B43BB6828}.Release|Win32.ActiveCfg = Release|Win32
		{62F169A2-3326-4E3C-97C2-B56B43BB6828}.Release|Win32.Build.0 = Release|Win32
		{62F169A2-3326-4E3C-97C2-B56B43BB6828}.Release|x64.ActiveCfg = Release|x64
		{62F169A2-3326-4E3C-97C2-B56B43BB6828}.Release|x64.Build.0 = Release|x64
		{62F169A2-3326-4E3C-97C2-B56B43BB6828}.Release|x86.ActiveCfg = Release|Win32
		{62F169A2-3326-4E3C-97C2-B56B43BB6828}.Release|x86.Build.0 = Release|Win32
		{843CF3F6-14EA-4D45-A660-DCC8348CD4B3}.Debug|.NET.ActiveCfg = Release|Win32
		{843CF3F6-14EA-4D45-A660-DCC8348CD4B3}.Debug|.NET.Build.0 = Release|Win32
		{843CF3F6-14EA-4D45-A660-DCC8348CD4B3}.Debug|Any CPU.ActiveCfg = Debug|Win32
		{843CF3F6-14EA-4D45-A660-DCC8348CD4B3}.Debug|Any CPU.Build.0 = Debug|Win32
		{843CF3F6-14EA-4D45-A660-DCC8348CD4B3}.Debug|Mixed Platforms.ActiveCfg = Debug|Win32
		{843CF3F6-14EA-4D45-A660-DCC8348CD4B3}.Debug|Mixed Platforms.Build.0 = Debug|Win32
		{843CF3F6-14EA-4D45-A660-DCC8348CD4B3}.Debug|Win32.ActiveCfg = Debug|Win32
		{843CF3F6-14EA-4D45-A660-DCC8348CD4B3}.Debug|Win32.Build.0 = Debug|Win32
		{843CF3F6-14EA-4D45-A660-DCC8348CD4B3}.Debug|x64.ActiveCfg = Debug|x64
		{843CF3F6-14EA-4D45-A660-DCC8348CD4B3}.Debug|x64.Build.0 = Debug|x64
		{843CF3F6-14EA-4D45-A660-DCC8348CD4B3}.Debug|x86.ActiveCfg = Debug|Win32
		{843CF3F6-14EA-4D45-A660-DCC8348CD4B3}.Debug|x86.Build.0 = Debug|Win32
		{843CF3F6-14EA-4D45-A660-DCC8348CD4B3}.NoOpt|.NET.ActiveCfg = NoOpt|Win32
		{843CF3F6-14EA-4D45-A660-DCC8348CD4B3}.NoOpt|.NET.Build.0 = NoOpt|Win32
		{843CF3F6-14EA-4D45-A660-DCC8348CD4B3}.NoOpt|Any CPU.ActiveCfg = NoOpt|Win32
		{843CF3F6-14EA-4D45-A660-DCC8348CD4B3}.NoOpt|Any CPU.Build.0 = NoOpt|Win32
		{843CF3F6-14EA-4D45-A660-DCC8348CD4B3}.NoOpt|Mixed Platforms.ActiveCfg = NoOpt|Win32
		{843CF3F6-14EA-4D45-A660-DCC8348CD4B3}.NoOpt|Mixed Platforms.Build.0 = NoOpt|Win32
		{843CF3F6-14EA-4D45-A660-DCC8348CD4B3}.NoOpt|Win32.ActiveCfg = NoOpt|Win32
		{843CF3F6-14EA-4D45-A660-DCC8348CD4B3}.NoOpt|Win32.Build.0 = NoOpt|Win32
		{843CF3F6-14EA-4D45-A660-DCC8348CD4B3}.NoOpt|x64.ActiveCfg = NoOpt|x64
		{843CF3F6-14EA-4D45-A660-DCC8348CD4B3}.NoOpt|x64.Build.0 = NoOpt|x64
		{843CF3F6-14EA-4D45-A660-DCC8348CD4B3}.NoOpt|x86.ActiveCfg = NoOpt|Win32
		{843CF3F6-14EA-4D45-A660-DCC8348CD4B3}.NoOpt|x86.Build.0 = NoOpt|Win32
		{843CF3F6-14EA-4D45-A660-DCC8348CD4B3}.Release|.NET.ActiveCfg = Release|Win32
		{843CF3F6-14EA-4D45-A660-DCC8348CD4B3}.Release|.NET.Build.0 = Release|Win32
		{843CF3F6-14EA-4D45-A660-DCC8348CD4B3}.Release|Any CPU.ActiveCfg = Release|Win32
		{843CF3F6-14EA-4D45-A660-DCC8348CD4B3}.Release|Any CPU.Build.0 = Release|Win32
		{843CF3F6-14EA-4D45-A660-DCC8348CD4B3}.Release|Mixed Platforms.ActiveCfg = Release|Win32
		{843CF3F6-14EA-4D45-A660-DCC8348CD4B3}.Release|Mixed Platforms.Build.0 = Release|Win32
		{843CF3F6-14EA-4D45-A660-DCC8348CD4B3}.Release|Win32.ActiveCfg = Release|Win32
		{843CF3F6-14EA-4D45-A660-DCC8348CD4B3}.Release|Win32.Build.0 = Release|Win32
		{843CF3F6-14EA-4D45-A660-DCC8348CD4B3}.Release|x64.ActiveCfg = Release|x64
		{843CF3F6-14EA-4D45-A660-DCC8348CD4B3}.Release|x64.Build.0 = Release|x64
		{843CF3F6-14EA-4D45-A660-DCC8348CD4B3}.Release|x86.ActiveCfg = Release|Win32
		{843CF3F6-14EA-4D45-A660-DCC8348CD4B3}.Release|x86.Build.0 = Release|Win32
		{0250719F-B0EB-412B-9AE4-FEC34CFC1DFD}.Debug|.NET.ActiveCfg = Release|Win32
		{0250719F-B0EB-412B-9AE4-FEC34CFC1DFD}.Debug|.NET.Build.0 = Release|Win32
		{0250719F-B0EB-412B-9AE4-FEC34CFC1DFD}.Debug|Any CPU.ActiveCfg = Debug|Win32
		{0250719F-B0EB-412B-9AE4-FEC34CFC1DFD}.Debug|Any CPU.Build.0 = Debug|Win32
		{0250719F-B0EB-412B-9AE4-FEC34CFC1DFD}.Debug|Mixed Platforms.ActiveCfg = Debug|Win32
		{0250719F-B0EB-412B-9AE4-FEC34CFC1DFD}.Debug|Mixed Platforms.Build.0 = Debug|Win32
		{0250719F-B0EB-412B-9AE4-FEC34CFC1DFD}.Debug|Win32.ActiveCfg = Debug|Win32
		{0250719F-B0EB-412B-9AE4-FEC34CFC1DFD}.Debug|Win32.Build.0 = Debug|Win32
		{0250719F-B0EB-412B-9AE4-FEC34CFC1DFD}.Debug|x64.ActiveCfg = Debug|x64
		{0250719F-B0EB-412B-9AE4-FEC34CFC1DFD}.Debug|x64.Build.0 = Debug|x64
		{0250719F-B0EB-412B-9AE4-FEC34CFC1DFD}.Debug|x86.ActiveCfg = Debug|Win32
		{0250719F-B0EB-412B-9AE4-FEC34CFC1DFD}.Debug|x86.Build.0 = Debug|Win32
		{0250719F-B0EB-412B-9AE4-FEC34CFC1DFD}.NoOpt|.NET.ActiveCfg = Release|Win32
		{0250719F-B0EB-412B-9AE4-FEC34CFC1DFD}.NoOpt|.NET.Build.0 = Release|Win32
		{0250719F-B0EB-412B-9AE4-FEC34CFC1DFD}.NoOpt|Any CPU.ActiveCfg = Release|Win32
		{0250719F-B0EB-412B-9AE4-FEC34CFC1DFD}.NoOpt|Any CPU.Build.0 = Release|Win32
		{0250719F-B0EB-412B-9AE4-FEC34CFC1DFD}.NoOpt|Mixed Platforms.ActiveCfg = Release|Win32
		{0250719F-B0EB-412B-9AE4-FEC34CFC1DFD}.NoOpt|Mixed Platforms.Build.0 = Release|Win32
		{0250719F-B0EB-412B-9AE4-FEC34CFC1DFD}.NoOpt|Win32.ActiveCfg = Release|Win32
		{0250719F-B0EB-412B-9AE4-FEC34CFC1DFD}.NoOpt|Win32.Build.0 = Release|Win32
		{0250719F-B0EB-412B-9AE4-FEC34CFC1DFD}.NoOpt|x64.ActiveCfg = NoOpt|x64
		{0250719F-B0EB-412B-9AE4-FEC34CFC1DFD}.NoOpt|x64.Build.0 = NoOpt|x64
		{0250719F-B0EB-412B-9AE4-FEC34CFC1DFD}.NoOpt|x86.ActiveCfg = Release|Win32
		{0250719F-B0EB-412B-9AE4-FEC34CFC1DFD}.NoOpt|x86.Build.0 = Release|Win32
		{0250719F-B0EB-412B-9AE4-FEC34CFC1DFD}.Release|.NET.ActiveCfg = Release|Win32
		{0250719F-B0EB-412B-9AE4-FEC34CFC1DFD}.Release|.NET.Build.0 = Release|Win32
		{0250719F-B0EB-412B-9AE4-FEC34CFC1DFD}.Release|Any CPU.ActiveCfg = Release|Win32
		{0250719F-B0EB-412B-9AE4-FEC34CFC1DFD}.Release|Any CPU.Build.0 = Release|Win32
		{0250719F-B0EB-412B-9AE4-FEC34CFC1DFD}.Release|Mixed Platforms.ActiveCfg = Release|Win32
		{0250719F-B0EB-412B-9AE4-FEC34CFC1DFD}.Release|Mixed Platforms.Build.0 = Release|Win32
		{0250719F-B0EB-412B-9AE4-FEC34CFC1DFD}.Release|Win32.ActiveCfg = Release|Win32
		{0250719F-B0EB-412B-9AE4-FEC34CFC1DFD}.Release|Win32.Build.0 = Release|Win32
		{0250719F-B0EB-412B-9AE4-FEC34CFC1DFD}.Release|x64.ActiveCfg = Release|x64
		{0250719F-B0EB-412B-9AE4-FEC34CFC1DFD}.Release|x64.Build.0 = Release|x64
		{0250719F-B0EB-412B-9AE4-FEC34CFC1DFD}.Release|x86.ActiveCfg = Release|Win32
		{0250719F-B0EB-412B-9AE4-FEC34CFC1DFD}.Release|x86.Build.0 = Release|Win32
		{63953579-396E-44FD-A8CB-EE147F9DBACF}.Debug|.NET.ActiveCfg = Release|Win32
		{63953579-396E-44FD-A8CB-EE147F9DBACF}.Debug|.NET.Build.0 = Release|Win32
		{63953579-396E-44FD-A8CB-EE147F9DBACF}.Debug|Any CPU.ActiveCfg = Debug|Win32
		{63953579-396E-44FD-A8CB-EE147F9DBACF}.Debug|Any CPU.Build.0 = Debug|Win32
		{63953579-396E-44FD-A8CB-EE147F9DBACF}.Debug|Mixed Platforms.ActiveCfg = Debug|Win32
		{63953579-396E-44FD-A8CB-EE147F9DBACF}.Debug|Mixed Platforms.Build.0 = Debug|Win32
		{63953579-396E-44FD-A8CB-EE147F9DBACF}.Debug|Win32.ActiveCfg = Debug|Win32
		{63953579-396E-44FD-A8CB-EE147F9DBACF}.Debug|Win32.Build.0 = Debug|Win32
		{63953579-396E-44FD-A8CB-EE147F9DBACF}.Debug|x64.ActiveCfg = Debug|x64
		{63953579-396E-44FD-A8CB-EE147F9DBACF}.Debug|x64.Build.0 = Debug|x64
		{63953579-396E-44FD-A8CB-EE147F9DBACF}.Debug|x86.ActiveCfg = Debug|Win32
		{63953579-396E-44FD-A8CB-EE147F9DBACF}.Debug|x86.Build.0 = Debug|Win32
		{63953579-396E-44FD-A8CB-EE147F9DBACF}.NoOpt|.NET.ActiveCfg = Release|Win32
		{63953579-396E-44FD-A8CB-EE147F9DBACF}.NoOpt|.NET.Build.0 = Release|Win32
		{63953579-396E-44FD-A8CB-EE147F9DBACF}.NoOpt|Any CPU.ActiveCfg = Release|Win32
		{63953579-396E-44FD-A8CB-EE147F9DBACF}.NoOpt|Any CPU.Build.0 = Release|Win32
		{63953579-396E-44FD-A8CB-EE147F9DBACF}.NoOpt|Mixed Platforms.ActiveCfg = Release|Win32
		{63953579-396E-44FD-A8CB-EE147F9DBACF}.NoOpt|Mixed Platforms.Build.0 = Release|Win32
		{63953579-396E-44FD-A8CB-EE147F9DBACF}.NoOpt|Win32.ActiveCfg = Release|Win32
		{63953579-396E-44FD-A8CB-EE147F9DBACF}.NoOpt|Win32.Build.0 = Release|Win32
		{63953579-396E-44FD-A8CB-EE147F9DBACF}.NoOpt|x64.ActiveCfg = Release|x64
		{63953579-396E-44FD-A8CB-EE147F9DBACF}.NoOpt|x64.Build.0 = Release|x64
		{63953579-396E-44FD-A8CB-EE147F9DBACF}.NoOpt|x86.ActiveCfg = Release|Win32
		{63953579-396E-44FD-A8CB-EE147F9DBACF}.NoOpt|x86.Build.0 = Release|Win32
		{63953579-396E-44FD-A8CB-EE147F9DBACF}.Release|.NET.ActiveCfg = Release|Win32
		{63953579-396E-44FD-A8CB-EE147F9DBACF}.Release|.NET.Build.0 = Release|Win32
		{63953579-396E-44FD-A8CB-EE147F9DBACF}.Release|Any CPU.ActiveCfg = Release|Win32
		{63953579-396E-44FD-A8CB-EE147F9DBACF}.Release|Any CPU.Build.0 = Release|Win32
		{63953579-396E-44FD-A8CB-EE147F9DBACF}.Release|Mixed Platforms.ActiveCfg = Release|Win32
		{63953579-396E-44FD-A8CB-EE147F9DBACF}.Release|Mixed Platforms.Build.0 = Release|Win32
		{63953579-396E-44FD-A8CB-EE147F9DBACF}.Release|Win32.ActiveCfg = Release|Win32
		{63953579-396E-44FD-A8CB-EE147F9DBACF}.Release|Win32.Build.0 = Release|Win32
		{63953579-396E-44FD-A8CB-EE147F9DBACF}.Release|x64.ActiveCfg = Release|x64
		{63953579-396E-44FD-A8CB-EE147F9DBACF}.Release|x64.Build.0 = Release|x64
		{63953579-396E-44FD-A8CB-EE147F9DBACF}.Release|x86.ActiveCfg = Release|Win32
		{63953579-396E-44FD-A8CB-EE147F9DBACF}.Release|x86.Build.0 = Release|Win32
		{D3150ABF-850A-45C8-9D1C-C7B36E958576}.Debug|.NET.ActiveCfg = Release|Win32
		{D3150ABF-850A-45C8-9D1C-C7B36E958576}.Debug|.NET.Build.0 = Release|Win32
		{D3150ABF-850A-45C8-9D1C-C7B36E958576}.Debug|Any CPU.ActiveCfg = Debug|Win32
		{D3150ABF-850A-45C8-9D1C-C7B36E958576}.Debug|Any CPU.Build.0 = Debug|Win32
		{D3150ABF-850A-45C8-9D1C-C7B36E958576}.Debug|Mixed Platforms.ActiveCfg = Debug|Win32
		{D3150ABF-850A-45C8-9D1C-C7B36E958576}.Debug|Mixed Platforms.Build.0 = Debug|Win32
		{D3150ABF-850A-45C8-9D1C-C7B36E958576}.Debug|Win32.ActiveCfg = Debug|Win32
		{D3150ABF-850A-45C8-9D1C-C7B36E958576}.Debug|Win32.Build.0 = Debug|Win32
		{D3150ABF-850A-45C8-9D1C-C7B36E958576}.Debug|x64.ActiveCfg = Debug|x64
		{D3150ABF-850A-45C8-9D1C-C7B36E958576}.Debug|x64.Build.0 = Debug|x64
		{D3150ABF-850A-45C8-9D1C-C7B36E958576}.Debug|x86.ActiveCfg = Debug|Win32
		{D3150ABF-850A-45C8-9D1C-C7B36E958576}.Debug|x86.Build.0 = Debug|Win32
		{D3150ABF-850A-45C8-9D1C-C7B36E958576}.NoOpt|.NET.ActiveCfg = NoOpt|Win32
		{D3150ABF-850A-45C8-9D1C-C7B36E958576}.NoOpt|.NET.Build.0 = NoOpt|Win32
		{D3150ABF-850A-45C8-9D1C-C7B36E958576}.NoOpt|Any CPU.ActiveCfg = NoOpt|Win32
		{D3150ABF-850A-45C8-9D1C-C7B36E958576}.NoOpt|Any CPU.Build.0 = NoOpt|Win32
		{D3150ABF-850A-45C8-9D1C-C7B36E958576}.NoOpt|Mixed Platforms.ActiveCfg = NoOpt|Win32
		{D3150ABF-850A-45C8-9D1C-C7B36E958576}.NoOpt|Mixed Platforms.Build.0 = NoOpt|Win32
		{D3150ABF-850A-45C8-9D1C-C7B36E958576}.NoOpt|Win32.ActiveCfg = NoOpt|Win32
		{D3150ABF-850A-45C8-9D1C-C7B36E958576}.NoOpt|Win32.Build.0 = NoOpt|Win32
		{D3150ABF-850A-45C8-9D1C-C7B36E958576}.NoOpt|x64.ActiveCfg = NoOpt|x64
		{D3150ABF-850A-45C8-9D1C-C7B36E958576}.NoOpt|x64.Build.0 = NoOpt|x64
		{D3150ABF-850A-45C8-9D1C-C7B36E958576}.NoOpt|x86.ActiveCfg = NoOpt|Win32
		{D3150ABF-850A-45C8-9D1C-C7B36E958576}.NoOpt|x86.Build.0 = NoOpt|Win32
		{D3150ABF-850A-45C8-9D1C-C7B36E958576}.Release|.NET.ActiveCfg = Release|Win32
		{D3150ABF-850A-45C8-9D1C-C7B36E958576}.Release|.NET.Build.0 = Release|Win32
		{D3150ABF-850A-45C8-9D1C-C7B36E958576}.Release|Any CPU.ActiveCfg = Release|Win32
		{D3150ABF-850A-45C8-9D1C-C7B36E958576}.Release|Any CPU.Build.0 = Release|Win32
		{D3150ABF-850A-45C8-9D1C-C7B36E958576}.Release|Mixed Platforms.ActiveCfg = Release|Win32
		{D3150ABF-850A-45C8-9D1C-C7B36E958576}.Release|Mixed Platforms.Build.0 = Release|Win32
		{D3150ABF-850A-45C8-9D1C-C7B36E958576}.Release|Win32.ActiveCfg = Release|Win32
		{D3150ABF-850A-45C8-9D1C-C7B36E958576}.Release|Win32.Build.0 = Release|Win32
		{D3150ABF-850A-45C8-9D1C-C7B36E958576}.Release|x64.ActiveCfg = Release|x64
		{D3150ABF-850A-45C8-9D1C-C7B36E958576}.Release|x64.Build.0 = Release|x64
		{D3150ABF-850A-45C8-9D1C-C7B36E958576}.Release|x86.ActiveCfg = Release|Win32
		{D3150ABF-850A-45C8-9D1C-C7B36E958576}.Release|x86.Build.0 = Release|Win32
	EndGlobalSection
	GlobalSection(SolutionProperties) = preSolution
		HideSolutionNode = FALSE
	EndGlobalSection
EndGlobal
